// !$*UTF8*$!
{
	archiveVersion = 1;
	classes = {
	};
	objectVersion = 50;
	objects = {

/* Begin PBXBuildFile section */
		4BA851F56983D82DCF7C989B /* libPods-HammerStudioTZ.a in Frameworks */ = {isa = PBXBuildFile; fileRef = 1186A23A1362858649A88B18 /* libPods-HammerStudioTZ.a */; };
		720DF43D25C7723100852878 /* Reachability.swift in Sources */ = {isa = PBXBuildFile; fileRef = 720DF43C25C7723100852878 /* Reachability.swift */; };
		72989CC425C6D2DC007FFD2E /* AppDelegate.swift in Sources */ = {isa = PBXBuildFile; fileRef = 72989CC325C6D2DC007FFD2E /* AppDelegate.swift */; };
		72989CC625C6D2DC007FFD2E /* SceneDelegate.swift in Sources */ = {isa = PBXBuildFile; fileRef = 72989CC525C6D2DC007FFD2E /* SceneDelegate.swift */; };
		72989CC825C6D2DC007FFD2E /* ViewController.swift in Sources */ = {isa = PBXBuildFile; fileRef = 72989CC725C6D2DC007FFD2E /* ViewController.swift */; };
		72989CCB25C6D2DC007FFD2E /* Main.storyboard in Resources */ = {isa = PBXBuildFile; fileRef = 72989CC925C6D2DC007FFD2E /* Main.storyboard */; };
		72989CCD25C6D2E1007FFD2E /* Assets.xcassets in Resources */ = {isa = PBXBuildFile; fileRef = 72989CCC25C6D2E1007FFD2E /* Assets.xcassets */; };
		72989CD025C6D2E1007FFD2E /* LaunchScreen.storyboard in Resources */ = {isa = PBXBuildFile; fileRef = 72989CCE25C6D2E1007FFD2E /* LaunchScreen.storyboard */; };
		72989CDA25C6D708007FFD2E /* AutoCell.swift in Sources */ = {isa = PBXBuildFile; fileRef = 72989CD825C6D708007FFD2E /* AutoCell.swift */; };
		72989CDB25C6D708007FFD2E /* AutoCell.xib in Resources */ = {isa = PBXBuildFile; fileRef = 72989CD925C6D708007FFD2E /* AutoCell.xib */; };
		72989CDF25C6E243007FFD2E /* ModelData.swift in Sources */ = {isa = PBXBuildFile; fileRef = 72989CDE25C6E243007FFD2E /* ModelData.swift */; };
		72989CE225C6F77F007FFD2E /* parsing.swift in Sources */ = {isa = PBXBuildFile; fileRef = 72989CE125C6F77F007FFD2E /* parsing.swift */; };
		72A3ABAC25C834FC00BAC0DB /* AboutCar.swift in Sources */ = {isa = PBXBuildFile; fileRef = 72A3ABAB25C834FC00BAC0DB /* AboutCar.swift */; };
		72B7E46725C96605002A7CAC /* StorageManager.swift in Sources */ = {isa = PBXBuildFile; fileRef = 72B7E46625C96605002A7CAC /* StorageManager.swift */; };
/* End PBXBuildFile section */

/* Begin PBXFileReference section */
		1186A23A1362858649A88B18 /* libPods-HammerStudioTZ.a */ = {isa = PBXFileReference; explicitFileType = archive.ar; includeInIndex = 0; path = "libPods-HammerStudioTZ.a"; sourceTree = BUILT_PRODUCTS_DIR; };
		6090F319E5369D0A57C22A9D /* Pods-HammerStudioTZ.release.xcconfig */ = {isa = PBXFileReference; includeInIndex = 1; lastKnownFileType = text.xcconfig; name = "Pods-HammerStudioTZ.release.xcconfig"; path = "Target Support Files/Pods-HammerStudioTZ/Pods-HammerStudioTZ.release.xcconfig"; sourceTree = "<group>"; };
		720DF43C25C7723100852878 /* Reachability.swift */ = {isa = PBXFileReference; lastKnownFileType = sourcecode.swift; path = Reachability.swift; sourceTree = "<group>"; };
		72989CC025C6D2DC007FFD2E /* HammerStudioTZ.app */ = {isa = PBXFileReference; explicitFileType = wrapper.application; includeInIndex = 0; path = HammerStudioTZ.app; sourceTree = BUILT_PRODUCTS_DIR; };
		72989CC325C6D2DC007FFD2E /* AppDelegate.swift */ = {isa = PBXFileReference; lastKnownFileType = sourcecode.swift; path = AppDelegate.swift; sourceTree = "<group>"; };
		72989CC525C6D2DC007FFD2E /* SceneDelegate.swift */ = {isa = PBXFileReference; lastKnownFileType = sourcecode.swift; path = SceneDelegate.swift; sourceTree = "<group>"; };
		72989CC725C6D2DC007FFD2E /* ViewController.swift */ = {isa = PBXFileReference; lastKnownFileType = sourcecode.swift; path = ViewController.swift; sourceTree = "<group>"; };
		72989CCA25C6D2DC007FFD2E /* Base */ = {isa = PBXFileReference; lastKnownFileType = file.storyboard; name = Base; path = Base.lproj/Main.storyboard; sourceTree = "<group>"; };
		72989CCC25C6D2E1007FFD2E /* Assets.xcassets */ = {isa = PBXFileReference; lastKnownFileType = folder.assetcatalog; path = Assets.xcassets; sourceTree = "<group>"; };
		72989CCF25C6D2E1007FFD2E /* Base */ = {isa = PBXFileReference; lastKnownFileType = file.storyboard; name = Base; path = Base.lproj/LaunchScreen.storyboard; sourceTree = "<group>"; };
		72989CD125C6D2E1007FFD2E /* Info.plist */ = {isa = PBXFileReference; lastKnownFileType = text.plist.xml; path = Info.plist; sourceTree = "<group>"; };
		72989CD825C6D708007FFD2E /* AutoCell.swift */ = {isa = PBXFileReference; lastKnownFileType = sourcecode.swift; path = AutoCell.swift; sourceTree = "<group>"; };
		72989CD925C6D708007FFD2E /* AutoCell.xib */ = {isa = PBXFileReference; lastKnownFileType = file.xib; path = AutoCell.xib; sourceTree = "<group>"; };
		72989CDE25C6E243007FFD2E /* ModelData.swift */ = {isa = PBXFileReference; lastKnownFileType = sourcecode.swift; path = ModelData.swift; sourceTree = "<group>"; };
		72989CE125C6F77F007FFD2E /* parsing.swift */ = {isa = PBXFileReference; lastKnownFileType = sourcecode.swift; path = parsing.swift; sourceTree = "<group>"; };
		72A3ABAB25C834FC00BAC0DB /* AboutCar.swift */ = {isa = PBXFileReference; lastKnownFileType = sourcecode.swift; path = AboutCar.swift; sourceTree = "<group>"; };
		72B7E46625C96605002A7CAC /* StorageManager.swift */ = {isa = PBXFileReference; lastKnownFileType = sourcecode.swift; path = StorageManager.swift; sourceTree = "<group>"; };
		D4DF7D71F16018B6F9DAC789 /* Pods-HammerStudioTZ.debug.xcconfig */ = {isa = PBXFileReference; includeInIndex = 1; lastKnownFileType = text.xcconfig; name = "Pods-HammerStudioTZ.debug.xcconfig"; path = "Target Support Files/Pods-HammerStudioTZ/Pods-HammerStudioTZ.debug.xcconfig"; sourceTree = "<group>"; };
/* End PBXFileReference section */

/* Begin PBXFrameworksBuildPhase section */
		72989CBD25C6D2DC007FFD2E /* Frameworks */ = {
			isa = PBXFrameworksBuildPhase;
			buildActionMask = 2147483647;
			files = (
				4BA851F56983D82DCF7C989B /* libPods-HammerStudioTZ.a in Frameworks */,
			);
			runOnlyForDeploymentPostprocessing = 0;
		};
/* End PBXFrameworksBuildPhase section */

/* Begin PBXGroup section */
		724615D825CABC7F000E9540 /* Controllers */ = {
			isa = PBXGroup;
			children = (
				72989CC925C6D2DC007FFD2E /* Main.storyboard */,
				72989CC725C6D2DC007FFD2E /* ViewController.swift */,
				72A3ABAB25C834FC00BAC0DB /* AboutCar.swift */,
				72989CD825C6D708007FFD2E /* AutoCell.swift */,
				72989CD925C6D708007FFD2E /* AutoCell.xib */,
			);
			path = Controllers;
			sourceTree = "<group>";
		};
		724615D925CABC99000E9540 /* Network */ = {
			isa = PBXGroup;
			children = (
				72989CCE25C6D2E1007FFD2E /* LaunchScreen.storyboard */,
				720DF43C25C7723100852878 /* Reachability.swift */,
				72989CE125C6F77F007FFD2E /* parsing.swift */,
			);
			path = Network;
			sourceTree = "<group>";
		};
		724615DA25CABCC1000E9540 /* Data */ = {
			isa = PBXGroup;
			children = (
				72989CDE25C6E243007FFD2E /* ModelData.swift */,
				72B7E46625C96605002A7CAC /* StorageManager.swift */,
			);
			path = Data;
			sourceTree = "<group>";
		};
		72989CB725C6D2DC007FFD2E = {
			isa = PBXGroup;
			children = (
				72989CC225C6D2DC007FFD2E /* HammerStudioTZ */,
				72989CC125C6D2DC007FFD2E /* Products */,
				D477AB859A4DBCAEBF5CFA92 /* Pods */,
				9379F5A13F74C2C92B00BAAF /* Frameworks */,
			);
			sourceTree = "<group>";
		};
		72989CC125C6D2DC007FFD2E /* Products */ = {
			isa = PBXGroup;
			children = (
				72989CC025C6D2DC007FFD2E /* HammerStudioTZ.app */,
			);
			name = Products;
			sourceTree = "<group>";
		};
		72989CC225C6D2DC007FFD2E /* HammerStudioTZ */ = {
			isa = PBXGroup;
			children = (
				72989CC325C6D2DC007FFD2E /* AppDelegate.swift */,
				72989CC525C6D2DC007FFD2E /* SceneDelegate.swift */,
				724615D925CABC99000E9540 /* Network */,
				724615D825CABC7F000E9540 /* Controllers */,
				724615DA25CABCC1000E9540 /* Data */,
				72989CCC25C6D2E1007FFD2E /* Assets.xcassets */,
				72989CD125C6D2E1007FFD2E /* Info.plist */,
			);
			path = HammerStudioTZ;
			sourceTree = "<group>";
		};
		9379F5A13F74C2C92B00BAAF /* Frameworks */ = {
			isa = PBXGroup;
			children = (
				1186A23A1362858649A88B18 /* libPods-HammerStudioTZ.a */,
			);
			name = Frameworks;
			sourceTree = "<group>";
		};
		D477AB859A4DBCAEBF5CFA92 /* Pods */ = {
			isa = PBXGroup;
			children = (
				D4DF7D71F16018B6F9DAC789 /* Pods-HammerStudioTZ.debug.xcconfig */,
				6090F319E5369D0A57C22A9D /* Pods-HammerStudioTZ.release.xcconfig */,
			);
			path = Pods;
			sourceTree = "<group>";
		};
/* End PBXGroup section */

/* Begin PBXNativeTarget section */
		72989CBF25C6D2DC007FFD2E /* HammerStudioTZ */ = {
			isa = PBXNativeTarget;
			buildConfigurationList = 72989CD425C6D2E1007FFD2E /* Build configuration list for PBXNativeTarget "HammerStudioTZ" */;
			buildPhases = (
				494A60EAD890E0F6A8786FB7 /* [CP] Check Pods Manifest.lock */,
				72989CBC25C6D2DC007FFD2E /* Sources */,
				72989CBD25C6D2DC007FFD2E /* Frameworks */,
				72989CBE25C6D2DC007FFD2E /* Resources */,
			);
			buildRules = (
			);
			dependencies = (
			);
			name = HammerStudioTZ;
			productName = HammerStudioTZ;
			productReference = 72989CC025C6D2DC007FFD2E /* HammerStudioTZ.app */;
			productType = "com.apple.product-type.application";
		};
/* End PBXNativeTarget section */

/* Begin PBXProject section */
		72989CB825C6D2DC007FFD2E /* Project object */ = {
			isa = PBXProject;
			attributes = {
				LastSwiftUpdateCheck = 1200;
				LastUpgradeCheck = 1200;
				TargetAttributes = {
					72989CBF25C6D2DC007FFD2E = {
						CreatedOnToolsVersion = 12.0;
					};
				};
			};
			buildConfigurationList = 72989CBB25C6D2DC007FFD2E /* Build configuration list for PBXProject "HammerStudioTZ" */;
			compatibilityVersion = "Xcode 9.3";
			developmentRegion = en;
			hasScannedForEncodings = 0;
			knownRegions = (
				en,
				Base,
			);
			mainGroup = 72989CB725C6D2DC007FFD2E;
			productRefGroup = 72989CC125C6D2DC007FFD2E /* Products */;
			projectDirPath = "";
			projectRoot = "";
			targets = (
				72989CBF25C6D2DC007FFD2E /* HammerStudioTZ */,
			);
		};
/* End PBXProject section */

/* Begin PBXResourcesBuildPhase section */
		72989CBE25C6D2DC007FFD2E /* Resources */ = {
			isa = PBXResourcesBuildPhase;
			buildActionMask = 2147483647;
			files = (
				72989CD025C6D2E1007FFD2E /* LaunchScreen.storyboard in Resources */,
				72989CCD25C6D2E1007FFD2E /* Assets.xcassets in Resources */,
				72989CDB25C6D708007FFD2E /* AutoCell.xib in Resources */,
				72989CCB25C6D2DC007FFD2E /* Main.storyboard in Resources */,
			);
			runOnlyForDeploymentPostprocessing = 0;
		};
/* End PBXResourcesBuildPhase section */

/* Begin PBXShellScriptBuildPhase section */
		494A60EAD890E0F6A8786FB7 /* [CP] Check Pods Manifest.lock */ = {
			isa = PBXShellScriptBuildPhase;
			buildActionMask = 2147483647;
			files = (
			);
			inputFileListPaths = (
			);
			inputPaths = (
				"${PODS_PODFILE_DIR_PATH}/Podfile.lock",
				"${PODS_ROOT}/Manifest.lock",
			);
			name = "[CP] Check Pods Manifest.lock";
			outputFileListPaths = (
			);
			outputPaths = (
				"$(DERIVED_FILE_DIR)/Pods-HammerStudioTZ-checkManifestLockResult.txt",
			);
			runOnlyForDeploymentPostprocessing = 0;
			shellPath = /bin/sh;
			shellScript = "diff \"${PODS_PODFILE_DIR_PATH}/Podfile.lock\" \"${PODS_ROOT}/Manifest.lock\" > /dev/null\nif [ $? != 0 ] ; then\n    # print error to STDERR\n    echo \"error: The sandbox is not in sync with the Podfile.lock. Run 'pod install' or update your CocoaPods installation.\" >&2\n    exit 1\nfi\n# This output is used by Xcode 'outputs' to avoid re-running this script phase.\necho \"SUCCESS\" > \"${SCRIPT_OUTPUT_FILE_0}\"\n";
			showEnvVarsInLog = 0;
		};
/* End PBXShellScriptBuildPhase section */

/* Begin PBXSourcesBuildPhase section */
		72989CBC25C6D2DC007FFD2E /* Sources */ = {
			isa = PBXSourcesBuildPhase;
			buildActionMask = 2147483647;
			files = (
				720DF43D25C7723100852878 /* Reachability.swift in Sources */,
				72989CE225C6F77F007FFD2E /* parsing.swift in Sources */,
				72A3ABAC25C834FC00BAC0DB /* AboutCar.swift in Sources */,
				72B7E46725C96605002A7CAC /* StorageManager.swift in Sources */,
				72989CC825C6D2DC007FFD2E /* ViewController.swift in Sources */,
				72989CC425C6D2DC007FFD2E /* AppDelegate.swift in Sources */,
				72989CDF25C6E243007FFD2E /* ModelData.swift in Sources */,
				72989CDA25C6D708007FFD2E /* AutoCell.swift in Sources */,
				72989CC625C6D2DC007FFD2E /* SceneDelegate.swift in Sources */,
			);
			runOnlyForDeploymentPostprocessing = 0;
		};
/* End PBXSourcesBuildPhase section */

/* Begin PBXVariantGroup section */
		72989CC925C6D2DC007FFD2E /* Main.storyboard */ = {
			isa = PBXVariantGroup;
			children = (
				72989CCA25C6D2DC007FFD2E /* Base */,
			);
			name = Main.storyboard;
			sourceTree = "<group>";
		};
		72989CCE25C6D2E1007FFD2E /* LaunchScreen.storyboard */ = {
			isa = PBXVariantGroup;
			children = (
				72989CCF25C6D2E1007FFD2E /* Base */,
			);
			name = LaunchScreen.storyboard;
			sourceTree = "<group>";
		};
/* End PBXVariantGroup section */

/* Begin XCBuildConfiguration section */
		72989CD225C6D2E1007FFD2E /* Debug */ = {
			isa = XCBuildConfiguration;
			buildSettings = {
				ALWAYS_SEARCH_USER_PATHS = NO;
				CLANG_ANALYZER_NONNULL = YES;
				CLANG_ANALYZER_NUMBER_OBJECT_CONVERSION = YES_AGGRESSIVE;
				CLANG_CXX_LANGUAGE_STANDARD = "gnu++14";
				CLANG_CXX_LIBRARY = "libc++";
				CLANG_ENABLE_MODULES = YES;
				CLANG_ENABLE_OBJC_ARC = YES;
				CLANG_ENABLE_OBJC_WEAK = YES;
				CLANG_WARN_BLOCK_CAPTURE_AUTORELEASING = YES;
				CLANG_WARN_BOOL_CONVERSION = YES;
				CLANG_WARN_COMMA = YES;
				CLANG_WARN_CONSTANT_CONVERSION = YES;
				CLANG_WARN_DEPRECATED_OBJC_IMPLEMENTATIONS = YES;
				CLANG_WARN_DIRECT_OBJC_ISA_USAGE = YES_ERROR;
				CLANG_WARN_DOCUMENTATION_COMMENTS = YES;
				CLANG_WARN_EMPTY_BODY = YES;
				CLANG_WARN_ENUM_CONVERSION = YES;
				CLANG_WARN_INFINITE_RECURSION = YES;
				CLANG_WARN_INT_CONVERSION = YES;
				CLANG_WARN_NON_LITERAL_NULL_CONVERSION = YES;
				CLANG_WARN_OBJC_IMPLICIT_RETAIN_SELF = YES;
				CLANG_WARN_OBJC_LITERAL_CONVERSION = YES;
				CLANG_WARN_OBJC_ROOT_CLASS = YES_ERROR;
				CLANG_WARN_QUOTED_INCLUDE_IN_FRAMEWORK_HEADER = YES;
				CLANG_WARN_RANGE_LOOP_ANALYSIS = YES;
				CLANG_WARN_STRICT_PROTOTYPES = YES;
				CLANG_WARN_SUSPICIOUS_MOVE = YES;
				CLANG_WARN_UNGUARDED_AVAILABILITY = YES_AGGRESSIVE;
				CLANG_WARN_UNREACHABLE_CODE = YES;
				CLANG_WARN__DUPLICATE_METHOD_MATCH = YES;
				COPY_PHASE_STRIP = NO;
				DEBUG_INFORMATION_FORMAT = dwarf;
				ENABLE_STRICT_OBJC_MSGSEND = YES;
				ENABLE_TESTABILITY = YES;
				GCC_C_LANGUAGE_STANDARD = gnu11;
				GCC_DYNAMIC_NO_PIC = NO;
				GCC_NO_COMMON_BLOCKS = YES;
				GCC_OPTIMIZATION_LEVEL = 0;
				GCC_PREPROCESSOR_DEFINITIONS = (
					"DEBUG=1",
					"$(inherited)",
				);
				GCC_WARN_64_TO_32_BIT_CONVERSION = YES;
				GCC_WARN_ABOUT_RETURN_TYPE = YES_ERROR;
				GCC_WARN_UNDECLARED_SELECTOR = YES;
				GCC_WARN_UNINITIALIZED_AUTOS = YES_AGGRESSIVE;
				GCC_WARN_UNUSED_FUNCTION = YES;
				GCC_WARN_UNUSED_VARIABLE = YES;
				IPHONEOS_DEPLOYMENT_TARGET = 14.0;
				MTL_ENABLE_DEBUG_INFO = INCLUDE_SOURCE;
				MTL_FAST_MATH = YES;
				ONLY_ACTIVE_ARCH = YES;
				SDKROOT = iphoneos;
				SWIFT_ACTIVE_COMPILATION_CONDITIONS = DEBUG;
				SWIFT_OPTIMIZATION_LEVEL = "-Onone";
			};
			name = Debug;
		};
		72989CD325C6D2E1007FFD2E /* Release */ = {
			isa = XCBuildConfiguration;
			buildSettings = {
				ALWAYS_SEARCH_USER_PATHS = NO;
				CLANG_ANALYZER_NONNULL = YES;
				CLANG_ANALYZER_NUMBER_OBJECT_CONVERSION = YES_AGGRESSIVE;
				CLANG_CXX_LANGUAGE_STANDARD = "gnu++14";
				CLANG_CXX_LIBRARY = "libc++";
				CLANG_ENABLE_MODULES = YES;
				CLANG_ENABLE_OBJC_ARC = YES;
				CLANG_ENABLE_OBJC_WEAK = YES;
				CLANG_WARN_BLOCK_CAPTURE_AUTORELEASING = YES;
				CLANG_WARN_BOOL_CONVERSION = YES;
				CLANG_WARN_COMMA = YES;
				CLANG_WARN_CONSTANT_CONVERSION = YES;
				CLANG_WARN_DEPRECATED_OBJC_IMPLEMENTATIONS = YES;
				CLANG_WARN_DIRECT_OBJC_ISA_USAGE = YES_ERROR;
				CLANG_WARN_DOCUMENTATION_COMMENTS = YES;
				CLANG_WARN_EMPTY_BODY = YES;
				CLANG_WARN_ENUM_CONVERSION = YES;
				CLANG_WARN_INFINITE_RECURSION = YES;
				CLANG_WARN_INT_CONVERSION = YES;
				CLANG_WARN_NON_LITERAL_NULL_CONVERSION = YES;
				CLANG_WARN_OBJC_IMPLICIT_RETAIN_SELF = YES;
				CLANG_WARN_OBJC_LITERAL_CONVERSION = YES;
				CLANG_WARN_OBJC_ROOT_CLASS = YES_ERROR;
				CLANG_WARN_QUOTED_INCLUDE_IN_FRAMEWORK_HEADER = YES;
				CLANG_WARN_RANGE_LOOP_ANALYSIS = YES;
				CLANG_WARN_STRICT_PROTOTYPES = YES;
				CLANG_WARN_SUSPICIOUS_MOVE = YES;
				CLANG_WARN_UNGUARDED_AVAILABILITY = YES_AGGRESSIVE;
				CLANG_WARN_UNREACHABLE_CODE = YES;
				CLANG_WARN__DUPLICATE_METHOD_MATCH = YES;
				COPY_PHASE_STRIP = NO;
				DEBUG_INFORMATION_FORMAT = "dwarf-with-dsym";
				ENABLE_NS_ASSERTIONS = NO;
				ENABLE_STRICT_OBJC_MSGSEND = YES;
				GCC_C_LANGUAGE_STANDARD = gnu11;
				GCC_NO_COMMON_BLOCKS = YES;
				GCC_WARN_64_TO_32_BIT_CONVERSION = YES;
				GCC_WARN_ABOUT_RETURN_TYPE = YES_ERROR;
				GCC_WARN_UNDECLARED_SELECTOR = YES;
				GCC_WARN_UNINITIALIZED_AUTOS = YES_AGGRESSIVE;
				GCC_WARN_UNUSED_FUNCTION = YES;
				GCC_WARN_UNUSED_VARIABLE = YES;
				IPHONEOS_DEPLOYMENT_TARGET = 14.0;
				MTL_ENABLE_DEBUG_INFO = NO;
				MTL_FAST_MATH = YES;
				SDKROOT = iphoneos;
				SWIFT_COMPILATION_MODE = wholemodule;
				SWIFT_OPTIMIZATION_LEVEL = "-O";
				VALIDATE_PRODUCT = YES;
			};
			name = Release;
		};
		72989CD525C6D2E1007FFD2E /* Debug */ = {
			isa = XCBuildConfiguration;
			baseConfigurationReference = D4DF7D71F16018B6F9DAC789 /* Pods-HammerStudioTZ.debug.xcconfig */;
			buildSettings = {
				ASSETCATALOG_COMPILER_APPICON_NAME = AppIcon;
				ASSETCATALOG_COMPILER_GLOBAL_ACCENT_COLOR_NAME = AccentColor;
				CODE_SIGN_STYLE = Automatic;
				DEVELOPMENT_TEAM = 7SPANA493T;
				INFOPLIST_FILE = HammerStudioTZ/Info.plist;
				LD_RUNPATH_SEARCH_PATHS = (
					"$(inherited)",
					"@executable_path/Frameworks",
				);
				PRODUCT_BUNDLE_IDENTIFIER = com.palehin.HammerSystemTZ;
				PRODUCT_NAME = "$(TARGET_NAME)";
				SWIFT_VERSION = 5.0;
				TARGETED_DEVICE_FAMILY = "1,2";
			};
			name = Debug;
		};
		72989CD625C6D2E1007FFD2E /* Release */ = {
			isa = XCBuildConfiguration;
			baseConfigurationReference = 6090F319E5369D0A57C22A9D /* Pods-HammerStudioTZ.release.xcconfig */;
			buildSettings = {
				ASSETCATALOG_COMPILER_APPICON_NAME = AppIcon;
				ASSETCATALOG_COMPILER_GLOBAL_ACCENT_COLOR_NAME = AccentColor;
				CODE_SIGN_STYLE = Automatic;
				DEVELOPMENT_TEAM = 7SPANA493T;
				INFOPLIST_FILE = HammerStudioTZ/Info.plist;
				LD_RUNPATH_SEARCH_PATHS = (
					"$(inherited)",
					"@executable_path/Frameworks",
				);
				PRODUCT_BUNDLE_IDENTIFIER = com.palehin.HammerSystemTZ;
				PRODUCT_NAME = "$(TARGET_NAME)";
				SWIFT_VERSION = 5.0;
				TARGETED_DEVICE_FAMILY = "1,2";
			};
			name = Release;
		};
/* End XCBuildConfiguration section */

/* Begin XCConfigurationList section */
		72989CBB25C6D2DC007FFD2E /* Build configuration list for PBXProject "HammerStudioTZ" */ = {
			isa = XCConfigurationList;
			buildConfigurations = (
				72989CD225C6D2E1007FFD2E /* Debug */,
				72989CD325C6D2E1007FFD2E /* Release */,
			);
			defaultConfigurationIsVisible = 0;
			defaultConfigurationName = Release;
		};
		72989CD425C6D2E1007FFD2E /* Build configuration list for PBXNativeTarget "HammerStudioTZ" */ = {
			isa = XCConfigurationList;
			buildConfigurations = (
				72989CD525C6D2E1007FFD2E /* Debug */,
				72989CD625C6D2E1007FFD2E /* Release */,
			);
			defaultConfigurationIsVisible = 0;
			defaultConfigurationName = Release;
		};
/* End XCConfigurationList section */
	};
	rootObject = 72989CB825C6D2DC007FFD2E /* Project object */;
}
